
Microsoft Visual Studio Solution File, Format Version 12.00
# Visual Studio Version 16
VisualStudioVersion = 16.0.30225.117
MinimumVisualStudioVersion = 10.0.40219.1
Project("{FAE04EC0-301F-11D3-BF4B-00C04F79EFBC}") = "Lab_2_OOP", "Lab_2_OOP.csproj", "{88BE4597-6E04-42A2-A5C8-3CF11BB63A4A}"
EndProject
Project("{FAE04EC0-301F-11D3-BF4B-00C04F79EFBC}") = "LabWork_№2_ClassLib", "..\LabWork_№2_ClassLib\LabWork_№2_ClassLib.csproj", "{DD4FD0FC-2A67-4903-A70F-DF60B038B034}"
EndProject
Global
	GlobalSection(SolutionConfigurationPlatforms) = preSolution
		Debug|Any CPU = Debug|Any CPU
		Release|Any CPU = Release|Any CPU
	EndGlobalSection
	GlobalSection(ProjectConfigurationPlatforms) = postSolution
		{88BE4597-6E04-42A2-A5C8-3CF11BB63A4A}.Debug|Any CPU.ActiveCfg = Debug|Any CPU
		{88BE4597-6E04-42A2-A5C8-3CF11BB63A4A}.Debug|Any CPU.Build.0 = Debug|Any CPU
		{88BE4597-6E04-42A2-A5C8-3CF11BB63A4A}.Release|Any CPU.ActiveCfg = Release|Any CPU
		{88BE4597-6E04-42A2-A5C8-3CF11BB63A4A}.Release|Any CPU.Build.0 = Release|Any CPU
		{DD4FD0FC-2A67-4903-A70F-DF60B038B034}.Debug|Any CPU.ActiveCfg = Debug|Any CPU
		{DD4FD0FC-2A67-4903-A70F-DF60B038B034}.Debug|Any CPU.Build.0 = Debug|Any CPU
		{DD4FD0FC-2A67-4903-A70F-DF60B038B034}.Release|Any CPU.ActiveCfg = Release|Any CPU
		{DD4FD0FC-2A67-4903-A70F-DF60B038B034}.Release|Any CPU.Build.0 = Release|Any CPU
	EndGlobalSection
	GlobalSection(SolutionProperties) = preSolution
		HideSolutionNode = FALSE
	EndGlobalSection
	GlobalSection(ExtensibilityGlobals) = postSolution
		SolutionGuid = {1EC62C84-9857-4968-B701-D38EEC126D27}
	EndGlobalSection
EndGlobal
