
Microsoft Visual Studio Solution File, Format Version 12.00
# Visual Studio Version 16
VisualStudioVersion = 16.0.30225.117
MinimumVisualStudioVersion = 10.0.40219.1
Project("{FAE04EC0-301F-11D3-BF4B-00C04F79EFBC}") = "FuelCalculationModel", "FuelCalculationModel.csproj", "{C6B69BBC-EAD7-401E-A112-D083BC1BAB7F}"
EndProject
Project("{FAE04EC0-301F-11D3-BF4B-00C04F79EFBC}") = "FuelCalculationView", "..\FuelCalculationView\FuelCalculationView.csproj", "{24A9D1B9-5992-4031-ACE8-77E80A49D1BA}"
EndProject
Global
	GlobalSection(SolutionConfigurationPlatforms) = preSolution
		Debug|Any CPU = Debug|Any CPU
		Release|Any CPU = Release|Any CPU
	EndGlobalSection
	GlobalSection(ProjectConfigurationPlatforms) = postSolution
		{C6B69BBC-EAD7-401E-A112-D083BC1BAB7F}.Debug|Any CPU.ActiveCfg = Debug|Any CPU
		{C6B69BBC-EAD7-401E-A112-D083BC1BAB7F}.Debug|Any CPU.Build.0 = Debug|Any CPU
		{C6B69BBC-EAD7-401E-A112-D083BC1BAB7F}.Release|Any CPU.ActiveCfg = Release|Any CPU
		{C6B69BBC-EAD7-401E-A112-D083BC1BAB7F}.Release|Any CPU.Build.0 = Release|Any CPU
		{24A9D1B9-5992-4031-ACE8-77E80A49D1BA}.Debug|Any CPU.ActiveCfg = Debug|Any CPU
		{24A9D1B9-5992-4031-ACE8-77E80A49D1BA}.Debug|Any CPU.Build.0 = Debug|Any CPU
		{24A9D1B9-5992-4031-ACE8-77E80A49D1BA}.Release|Any CPU.ActiveCfg = Release|Any CPU
		{24A9D1B9-5992-4031-ACE8-77E80A49D1BA}.Release|Any CPU.Build.0 = Release|Any CPU
	EndGlobalSection
	GlobalSection(SolutionProperties) = preSolution
		HideSolutionNode = FALSE
	EndGlobalSection
	GlobalSection(ExtensibilityGlobals) = postSolution
		SolutionGuid = {2243A723-A9D2-4DAA-B1B7-3A16CE4F5FD5}
	EndGlobalSection
EndGlobal
